
Microsoft Visual Studio Solution File, Format Version 12.00
# Visual Studio 15
VisualStudioVersion = 15.0.26124.0
MinimumVisualStudioVersion = 15.0.26124.0
Project("{2150E333-8FDC-42A3-9474-1A3956D46DE8}") = "src", "src", "{466DB90F-6478-4139-A59D-3EE886E94B4E}"
EndProject
Project("{FAE04EC0-301F-11D3-BF4B-00C04F79EFBC}") = "West.Extensions.XamarinHosting.Abstractions", "src\Abstractions\West.Extensions.XamarinHosting.Abstractions.csproj", "{0E5A1DAD-3358-49C0-80B4-F4B4AFA7ABFF}"
EndProject
Project("{FAE04EC0-301F-11D3-BF4B-00C04F79EFBC}") = "West.Extensions.XamarinHosting", "src\Hosting\West.Extensions.XamarinHosting.csproj", "{E24336CB-8ED3-4EBA-918D-18A2481C8A51}"
EndProject
Global
	GlobalSection(SolutionConfigurationPlatforms) = preSolution
		Debug|Any CPU = Debug|Any CPU
		Debug|x64 = Debug|x64
		Debug|x86 = Debug|x86
		Release|Any CPU = Release|Any CPU
		Release|x64 = Release|x64
		Release|x86 = Release|x86
	EndGlobalSection
	GlobalSection(SolutionProperties) = preSolution
		HideSolutionNode = FALSE
	EndGlobalSection
	GlobalSection(ProjectConfigurationPlatforms) = postSolution
		{0E5A1DAD-3358-49C0-80B4-F4B4AFA7ABFF}.Debug|Any CPU.ActiveCfg = Debug|Any CPU
		{0E5A1DAD-3358-49C0-80B4-F4B4AFA7ABFF}.Debug|Any CPU.Build.0 = Debug|Any CPU
		{0E5A1DAD-3358-49C0-80B4-F4B4AFA7ABFF}.Debug|x64.ActiveCfg = Debug|Any CPU
		{0E5A1DAD-3358-49C0-80B4-F4B4AFA7ABFF}.Debug|x64.Build.0 = Debug|Any CPU
		{0E5A1DAD-3358-49C0-80B4-F4B4AFA7ABFF}.Debug|x86.ActiveCfg = Debug|Any CPU
		{0E5A1DAD-3358-49C0-80B4-F4B4AFA7ABFF}.Debug|x86.Build.0 = Debug|Any CPU
		{0E5A1DAD-3358-49C0-80B4-F4B4AFA7ABFF}.Release|Any CPU.ActiveCfg = Release|Any CPU
		{0E5A1DAD-3358-49C0-80B4-F4B4AFA7ABFF}.Release|Any CPU.Build.0 = Release|Any CPU
		{0E5A1DAD-3358-49C0-80B4-F4B4AFA7ABFF}.Release|x64.ActiveCfg = Release|Any CPU
		{0E5A1DAD-3358-49C0-80B4-F4B4AFA7ABFF}.Release|x64.Build.0 = Release|Any CPU
		{0E5A1DAD-3358-49C0-80B4-F4B4AFA7ABFF}.Release|x86.ActiveCfg = Release|Any CPU
		{0E5A1DAD-3358-49C0-80B4-F4B4AFA7ABFF}.Release|x86.Build.0 = Release|Any CPU
		{E24336CB-8ED3-4EBA-918D-18A2481C8A51}.Debug|Any CPU.ActiveCfg = Debug|Any CPU
		{E24336CB-8ED3-4EBA-918D-18A2481C8A51}.Debug|Any CPU.Build.0 = Debug|Any CPU
		{E24336CB-8ED3-4EBA-918D-18A2481C8A51}.Debug|x64.ActiveCfg = Debug|Any CPU
		{E24336CB-8ED3-4EBA-918D-18A2481C8A51}.Debug|x64.Build.0 = Debug|Any CPU
		{E24336CB-8ED3-4EBA-918D-18A2481C8A51}.Debug|x86.ActiveCfg = Debug|Any CPU
		{E24336CB-8ED3-4EBA-918D-18A2481C8A51}.Debug|x86.Build.0 = Debug|Any CPU
		{E24336CB-8ED3-4EBA-918D-18A2481C8A51}.Release|Any CPU.ActiveCfg = Release|Any CPU
		{E24336CB-8ED3-4EBA-918D-18A2481C8A51}.Release|Any CPU.Build.0 = Release|Any CPU
		{E24336CB-8ED3-4EBA-918D-18A2481C8A51}.Release|x64.ActiveCfg = Release|Any CPU
		{E24336CB-8ED3-4EBA-918D-18A2481C8A51}.Release|x64.Build.0 = Release|Any CPU
		{E24336CB-8ED3-4EBA-918D-18A2481C8A51}.Release|x86.ActiveCfg = Release|Any CPU
		{E24336CB-8ED3-4EBA-918D-18A2481C8A51}.Release|x86.Build.0 = Release|Any CPU
	EndGlobalSection
	GlobalSection(NestedProjects) = preSolution
		{0E5A1DAD-3358-49C0-80B4-F4B4AFA7ABFF} = {466DB90F-6478-4139-A59D-3EE886E94B4E}
		{E24336CB-8ED3-4EBA-918D-18A2481C8A51} = {466DB90F-6478-4139-A59D-3EE886E94B4E}
	EndGlobalSection
EndGlobal
